Microsoft Visual Studio Solution File, Format Version 12.00
# Visual Studio Version 17
VisualStudioVersion = 17.5.2.0
MinimumVisualStudioVersion = 10.0.40219.1
Project("{FAE04EC0-301F-11D3-BF4B-00C04F79EFBC}") = "StockControl", "StockControl.csproj", "{F8877B35-002A-834F-4078-7B857C6A6F7F}"
EndProject
Global
	GlobalSection(SolutionConfigurationPlatforms) = preSolution
		Debug|Any CPU = Debug|Any CPU
		Release|Any CPU = Release|Any CPU
	EndGlobalSection
	GlobalSection(ProjectConfigurationPlatforms) = postSolution
		{F8877B35-002A-834F-4078-7B857C6A6F7F}.Debug|Any CPU.ActiveCfg = Debug|Any CPU
		{F8877B35-002A-834F-4078-7B857C6A6F7F}.Debug|Any CPU.Build.0 = Debug|Any CPU
		{F8877B35-002A-834F-4078-7B857C6A6F7F}.Release|Any CPU.ActiveCfg = Release|Any CPU
		{F8877B35-002A-834F-4078-7B857C6A6F7F}.Release|Any CPU.Build.0 = Release|Any CPU
	EndGlobalSection
	GlobalSection(SolutionProperties) = preSolution
		HideSolutionNode = FALSE
	EndGlobalSection
	GlobalSection(ExtensibilityGlobals) = postSolution
		SolutionGuid = {17297E04-6185-4318-8BCF-FE72362DB4DA}
	EndGlobalSection
EndGlobal
